{
  "requires": true,
  "lockfileVersion": 1,
  "dependencies": {
    "ngx-mask": {
      "version": "11.1.4",
      "resolved": "https://registry.npmjs.org/ngx-mask/-/ngx-mask-11.1.4.tgz",
      "integrity": "sha512-TyKObQvgr6xol1/cFuI8pyVF6kGQVgw7Xl83eOv8SfoOm8iUdfQODlyUOCGu1yRnQCBj/IF46RFDd1DlJJF2nw==",
      "requires": {
        "tslib": "^2.0.0"
      }
    },
    "tslib": {
      "version": "2.1.0",
      "resolved": "https://registry.npmjs.org/tslib/-/tslib-2.1.0.tgz",
      "integrity": "sha512-hcVC3wYEziELGGmEEXue7D75zbwIIVUMWAVbHItGPx0ziyXxrOMQx4rQEVEV45Ut/1IotuEvwqPopzIOkDMf0A=="
    }
  }
}
